// !$*UTF8*$!
{
	archiveVersion = 1;
	classes = {
	};
	objectVersion = 51;
	objects = {

/* Begin PBXBuildFile section */
		A0A4CD14AEFFA73375C4A3E4 /* Pods_ON_AIR.framework in Frameworks */ = {isa = PBXBuildFile; fileRef = 2F5607C8B40BFDCD0739E461 /* Pods_ON_AIR.framework */; };
		E3ACFC9425B01CF3000987BD /* AppDelegate.swift in Sources */ = {isa = PBXBuildFile; fileRef = E3ACFC9325B01CF3000987BD /* AppDelegate.swift */; };
		E3ACFC9625B01CF3000987BD /* SceneDelegate.swift in Sources */ = {isa = PBXBuildFile; fileRef = E3ACFC9525B01CF3000987BD /* SceneDelegate.swift */; };
		E3ACFC9825B01CF3000987BD /* ViewController.swift in Sources */ = {isa = PBXBuildFile; fileRef = E3ACFC9725B01CF3000987BD /* ViewController.swift */; };
		E3ACFC9B25B01CF3000987BD /* Main.storyboard in Resources */ = {isa = PBXBuildFile; fileRef = E3ACFC9925B01CF3000987BD /* Main.storyboard */; };
		E3ACFC9D25B01CF6000987BD /* Assets.xcassets in Resources */ = {isa = PBXBuildFile; fileRef = E3ACFC9C25B01CF6000987BD /* Assets.xcassets */; };
		E3ACFCA025B01CF6000987BD /* LaunchScreen.storyboard in Resources */ = {isa = PBXBuildFile; fileRef = E3ACFC9E25B01CF6000987BD /* LaunchScreen.storyboard */; };
		E3ACFCA925B01DA8000987BD /* GoogleService-Info.plist in Resources */ = {isa = PBXBuildFile; fileRef = E3ACFCA825B01DA8000987BD /* GoogleService-Info.plist */; };
		E3C2A4A225B33DA200A7DFC2 /* OK Jaanu.mp3 in Resources */ = {isa = PBXBuildFile; fileRef = E3C2A4A125B33DA200A7DFC2 /* OK Jaanu.mp3 */; };
/* End PBXBuildFile section */

/* Begin PBXFileReference section */
		2F5607C8B40BFDCD0739E461 /* Pods_ON_AIR.framework */ = {isa = PBXFileReference; explicitFileType = wrapper.framework; includeInIndex = 0; path = Pods_ON_AIR.framework; sourceTree = BUILT_PRODUCTS_DIR; };
		34AF2DA50EDC63EFCC1507A4 /* Pods-ON AIR.release.xcconfig */ = {isa = PBXFileReference; includeInIndex = 1; lastKnownFileType = text.xcconfig; name = "Pods-ON AIR.release.xcconfig"; path = "Target Support Files/Pods-ON AIR/Pods-ON AIR.release.xcconfig"; sourceTree = "<group>"; };
		D5C9F5C14BD04437595F91D6 /* Pods-ON AIR.debug.xcconfig */ = {isa = PBXFileReference; includeInIndex = 1; lastKnownFileType = text.xcconfig; name = "Pods-ON AIR.debug.xcconfig"; path = "Target Support Files/Pods-ON AIR/Pods-ON AIR.debug.xcconfig"; sourceTree = "<group>"; };
		E3ACFC9025B01CF3000987BD /* ON AIR.app */ = {isa = PBXFileReference; explicitFileType = wrapper.application; includeInIndex = 0; path = "ON AIR.app"; sourceTree = BUILT_PRODUCTS_DIR; };
		E3ACFC9325B01CF3000987BD /* AppDelegate.swift */ = {isa = PBXFileReference; lastKnownFileType = sourcecode.swift; path = AppDelegate.swift; sourceTree = "<group>"; };
		E3ACFC9525B01CF3000987BD /* SceneDelegate.swift */ = {isa = PBXFileReference; lastKnownFileType = sourcecode.swift; path = SceneDelegate.swift; sourceTree = "<group>"; };
		E3ACFC9725B01CF3000987BD /* ViewController.swift */ = {isa = PBXFileReference; lastKnownFileType = sourcecode.swift; path = ViewController.swift; sourceTree = "<group>"; };
		E3ACFC9A25B01CF3000987BD /* Base */ = {isa = PBXFileReference; lastKnownFileType = file.storyboard; name = Base; path = Base.lproj/Main.storyboard; sourceTree = "<group>"; };
		E3ACFC9C25B01CF6000987BD /* Assets.xcassets */ = {isa = PBXFileReference; lastKnownFileType = folder.assetcatalog; path = Assets.xcassets; sourceTree = "<group>"; };
		E3ACFC9F25B01CF6000987BD /* Base */ = {isa = PBXFileReference; lastKnownFileType = file.storyboard; name = Base; path = Base.lproj/LaunchScreen.storyboard; sourceTree = "<group>"; };
		E3ACFCA125B01CF6000987BD /* Info.plist */ = {isa = PBXFileReference; lastKnownFileType = text.plist.xml; path = Info.plist; sourceTree = "<group>"; };
		E3ACFCA825B01DA8000987BD /* GoogleService-Info.plist */ = {isa = PBXFileReference; fileEncoding = 4; lastKnownFileType = text.plist.xml; path = "GoogleService-Info.plist"; sourceTree = "<group>"; };
		E3C2A4A125B33DA200A7DFC2 /* OK Jaanu.mp3 */ = {isa = PBXFileReference; lastKnownFileType = audio.mp3; path = "OK Jaanu.mp3"; sourceTree = "<group>"; };
/* End PBXFileReference section */

/* Begin PBXFrameworksBuildPhase section */
		E3ACFC8D25B01CF3000987BD /* Frameworks */ = {
			isa = PBXFrameworksBuildPhase;
			buildActionMask = 2147483647;
			files = (
				A0A4CD14AEFFA73375C4A3E4 /* Pods_ON_AIR.framework in Frameworks */,
			);
			runOnlyForDeploymentPostprocessing = 0;
		};
/* End PBXFrameworksBuildPhase section */

/* Begin PBXGroup section */
		65B59D09A37E1DCD54D1D175 /* Frameworks */ = {
			isa = PBXGroup;
			children = (
				2F5607C8B40BFDCD0739E461 /* Pods_ON_AIR.framework */,
			);
			name = Frameworks;
			sourceTree = "<group>";
		};
		75D2E7ABE7477401A222505D /* Pods */ = {
			isa = PBXGroup;
			children = (
				D5C9F5C14BD04437595F91D6 /* Pods-ON AIR.debug.xcconfig */,
				34AF2DA50EDC63EFCC1507A4 /* Pods-ON AIR.release.xcconfig */,
			);
			path = Pods;
			sourceTree = "<group>";
		};
		E3ACFC8725B01CF3000987BD = {
			isa = PBXGroup;
			children = (
				E3ACFC9225B01CF3000987BD /* ON AIR */,
				E3ACFC9125B01CF3000987BD /* Products */,
				75D2E7ABE7477401A222505D /* Pods */,
				65B59D09A37E1DCD54D1D175 /* Frameworks */,
			);
			sourceTree = "<group>";
		};
		E3ACFC9125B01CF3000987BD /* Products */ = {
			isa = PBXGroup;
			children = (
				E3ACFC9025B01CF3000987BD /* ON AIR.app */,
			);
			name = Products;
			sourceTree = "<group>";
		};
		E3ACFC9225B01CF3000987BD /* ON AIR */ = {
			isa = PBXGroup;
			children = (
				E3ACFC9325B01CF3000987BD /* AppDelegate.swift */,
				E3ACFC9525B01CF3000987BD /* SceneDelegate.swift */,
				E3ACFC9725B01CF3000987BD /* ViewController.swift */,
				E3ACFC9925B01CF3000987BD /* Main.storyboard */,
				E3ACFC9C25B01CF6000987BD /* Assets.xcassets */,
				E3C2A4A125B33DA200A7DFC2 /* OK Jaanu.mp3 */,
				E3ACFC9E25B01CF6000987BD /* LaunchScreen.storyboard */,
				E3ACFCA125B01CF6000987BD /* Info.plist */,
				E3ACFCA825B01DA8000987BD /* GoogleService-Info.plist */,
			);
			path = "ON AIR";
			sourceTree = "<group>";
		};
/* End PBXGroup section */

/* Begin PBXNativeTarget section */
		E3ACFC8F25B01CF3000987BD /* ON AIR */ = {
			isa = PBXNativeTarget;
			buildConfigurationList = E3ACFCA425B01CF6000987BD /* Build configuration list for PBXNativeTarget "ON AIR" */;
			buildPhases = (
				48B1CF29AD6359547E2B09B9 /* [CP] Check Pods Manifest.lock */,
				E3ACFC8C25B01CF3000987BD /* Sources */,
				E3ACFC8D25B01CF3000987BD /* Frameworks */,
				E3ACFC8E25B01CF3000987BD /* Resources */,
				5CB3F176A8FF4A77E119F8F2 /* [CP] Embed Pods Frameworks */,
			);
			buildRules = (
			);
			dependencies = (
			);
			name = "ON AIR";
			productName = "ON AIR";
			productReference = E3ACFC9025B01CF3000987BD /* ON AIR.app */;
			productType = "com.apple.product-type.application";
		};
/* End PBXNativeTarget section */

/* Begin PBXProject section */
		E3ACFC8825B01CF3000987BD /* Project object */ = {
			isa = PBXProject;
			attributes = {
				LastSwiftUpdateCheck = 1220;
				LastUpgradeCheck = 1220;
				TargetAttributes = {
					E3ACFC8F25B01CF3000987BD = {
						CreatedOnToolsVersion = 12.2;
					};
				};
			};
			buildConfigurationList = E3ACFC8B25B01CF3000987BD /* Build configuration list for PBXProject "ON AIR" */;
			compatibilityVersion = "Xcode 9.3";
			developmentRegion = en;
			hasScannedForEncodings = 0;
			knownRegions = (
				en,
				Base,
			);
			mainGroup = E3ACFC8725B01CF3000987BD;
			productRefGroup = E3ACFC9125B01CF3000987BD /* Products */;
			projectDirPath = "";
			projectRoot = "";
			targets = (
				E3ACFC8F25B01CF3000987BD /* ON AIR */,
			);
		};
/* End PBXProject section */

/* Begin PBXResourcesBuildPhase section */
		E3ACFC8E25B01CF3000987BD /* Resources */ = {
			isa = PBXResourcesBuildPhase;
			buildActionMask = 2147483647;
			files = (
				E3ACFCA025B01CF6000987BD /* LaunchScreen.storyboard in Resources */,
				E3ACFCA925B01DA8000987BD /* GoogleService-Info.plist in Resources */,
				E3C2A4A225B33DA200A7DFC2 /* OK Jaanu.mp3 in Resources */,
				E3ACFC9D25B01CF6000987BD /* Assets.xcassets in Resources */,
				E3ACFC9B25B01CF3000987BD /* Main.storyboard in Resources */,
			);
			runOnlyForDeploymentPostprocessing = 0;
		};
/* End PBXResourcesBuildPhase section */

/* Begin PBXShellScriptBuildPhase section */
		48B1CF29AD6359547E2B09B9 /* [CP] Check Pods Manifest.lock */ = {
			isa = PBXShellScriptBuildPhase;
			buildActionMask = 2147483647;
			files = (
			);
			inputFileListPaths = (
			);
			inputPaths = (
				"${PODS_PODFILE_DIR_PATH}/Podfile.lock",
				"${PODS_ROOT}/Manifest.lock",
			);
			name = "[CP] Check Pods Manifest.lock";
			outputFileListPaths = (
			);
			outputPaths = (
				"$(DERIVED_FILE_DIR)/Pods-ON AIR-checkManifestLockResult.txt",
			);
			runOnlyForDeploymentPostprocessing = 0;
			shellPath = /bin/sh;
			shellScript = "diff \"${PODS_PODFILE_DIR_PATH}/Podfile.lock\" \"${PODS_ROOT}/Manifest.lock\" > /dev/null\nif [ $? != 0 ] ; then\n    # print error to STDERR\n    echo \"error: The sandbox is not in sync with the Podfile.lock. Run 'pod install' or update your CocoaPods installation.\" >&2\n    exit 1\nfi\n# This output is used by Xcode 'outputs' to avoid re-running this script phase.\necho \"SUCCESS\" > \"${SCRIPT_OUTPUT_FILE_0}\"\n";
			showEnvVarsInLog = 0;
		};
		5CB3F176A8FF4A77E119F8F2 /* [CP] Embed Pods Frameworks */ = {
			isa = PBXShellScriptBuildPhase;
			buildActionMask = 2147483647;
			files = (
			);
			inputFileListPaths = (
				"${PODS_ROOT}/Target Support Files/Pods-ON AIR/Pods-ON AIR-frameworks-${CONFIGURATION}-input-files.xcfilelist",
			);
			name = "[CP] Embed Pods Frameworks";
			outputFileListPaths = (
				"${PODS_ROOT}/Target Support Files/Pods-ON AIR/Pods-ON AIR-frameworks-${CONFIGURATION}-output-files.xcfilelist",
			);
			runOnlyForDeploymentPostprocessing = 0;
			shellPath = /bin/sh;
			shellScript = "\"${PODS_ROOT}/Target Support Files/Pods-ON AIR/Pods-ON AIR-frameworks.sh\"\n";
			showEnvVarsInLog = 0;
		};
/* End PBXShellScriptBuildPhase section */

/* Begin PBXSourcesBuildPhase section */
		E3ACFC8C25B01CF3000987BD /* Sources */ = {
			isa = PBXSourcesBuildPhase;
			buildActionMask = 2147483647;
			files = (
				E3ACFC9825B01CF3000987BD /* ViewController.swift in Sources */,
				E3ACFC9425B01CF3000987BD /* AppDelegate.swift in Sources */,
				E3ACFC9625B01CF3000987BD /* SceneDelegate.swift in Sources */,
			);
			runOnlyForDeploymentPostprocessing = 0;
		};
/* End PBXSourcesBuildPhase section */

/* Begin PBXVariantGroup section */
		E3ACFC9925B01CF3000987BD /* Main.storyboard */ = {
			isa = PBXVariantGroup;
			children = (
				E3ACFC9A25B01CF3000987BD /* Base */,
			);
			name = Main.storyboard;
			sourceTree = "<group>";
		};
		E3ACFC9E25B01CF6000987BD /* LaunchScreen.storyboard */ = {
			isa = PBXVariantGroup;
			children = (
				E3ACFC9F25B01CF6000987BD /* Base */,
			);
			name = LaunchScreen.storyboard;
			sourceTree = "<group>";
		};
/* End PBXVariantGroup section */

/* Begin XCBuildConfiguration section */
		E3ACFCA225B01CF6000987BD /* Debug */ = {
			isa = XCBuildConfiguration;
			buildSettings = {
				ALWAYS_SEARCH_USER_PATHS = NO;
				CLANG_ANALYZER_NONNULL = YES;
				CLANG_ANALYZER_NUMBER_OBJECT_CONVERSION = YES_AGGRESSIVE;
				CLANG_CXX_LANGUAGE_STANDARD = "gnu++14";
				CLANG_CXX_LIBRARY = "libc++";
				CLANG_ENABLE_MODULES = YES;
				CLANG_ENABLE_OBJC_ARC = YES;
				CLANG_ENABLE_OBJC_WEAK = YES;
				CLANG_WARN_BLOCK_CAPTURE_AUTORELEASING = YES;
				CLANG_WARN_BOOL_CONVERSION = YES;
				CLANG_WARN_COMMA = YES;
				CLANG_WARN_CONSTANT_CONVERSION = YES;
				CLANG_WARN_DEPRECATED_OBJC_IMPLEMENTATIONS = YES;
				CLANG_WARN_DIRECT_OBJC_ISA_USAGE = YES_ERROR;
				CLANG_WARN_DOCUMENTATION_COMMENTS = YES;
				CLANG_WARN_EMPTY_BODY = YES;
				CLANG_WARN_ENUM_CONVERSION = YES;
				CLANG_WARN_INFINITE_RECURSION = YES;
				CLANG_WARN_INT_CONVERSION = YES;
				CLANG_WARN_NON_LITERAL_NULL_CONVERSION = YES;
				CLANG_WARN_OBJC_IMPLICIT_RETAIN_SELF = YES;
				CLANG_WARN_OBJC_LITERAL_CONVERSION = YES;
				CLANG_WARN_OBJC_ROOT_CLASS = YES_ERROR;
				CLANG_WARN_QUOTED_INCLUDE_IN_FRAMEWORK_HEADER = YES;
				CLANG_WARN_RANGE_LOOP_ANALYSIS = YES;
				CLANG_WARN_STRICT_PROTOTYPES = YES;
				CLANG_WARN_SUSPICIOUS_MOVE = YES;
				CLANG_WARN_UNGUARDED_AVAILABILITY = YES_AGGRESSIVE;
				CLANG_WARN_UNREACHABLE_CODE = YES;
				CLANG_WARN__DUPLICATE_METHOD_MATCH = YES;
				COPY_PHASE_STRIP = NO;
				DEBUG_INFORMATION_FORMAT = dwarf;
				ENABLE_STRICT_OBJC_MSGSEND = YES;
				ENABLE_TESTABILITY = YES;
				GCC_C_LANGUAGE_STANDARD = gnu11;
				GCC_DYNAMIC_NO_PIC = NO;
				GCC_NO_COMMON_BLOCKS = YES;
				GCC_OPTIMIZATION_LEVEL = 0;
				GCC_PREPROCESSOR_DEFINITIONS = (
					"DEBUG=1",
					"$(inherited)",
				);
				GCC_WARN_64_TO_32_BIT_CONVERSION = YES;
				GCC_WARN_ABOUT_RETURN_TYPE = YES_ERROR;
				GCC_WARN_UNDECLARED_SELECTOR = YES;
				GCC_WARN_UNINITIALIZED_AUTOS = YES_AGGRESSIVE;
				GCC_WARN_UNUSED_FUNCTION = YES;
				GCC_WARN_UNUSED_VARIABLE = YES;
				IPHONEOS_DEPLOYMENT_TARGET = 14.2;
				MTL_ENABLE_DEBUG_INFO = INCLUDE_SOURCE;
				MTL_FAST_MATH = YES;
				ONLY_ACTIVE_ARCH = YES;
				SDKROOT = iphoneos;
				SWIFT_ACTIVE_COMPILATION_CONDITIONS = DEBUG;
				SWIFT_OPTIMIZATION_LEVEL = "-Onone";
			};
			name = Debug;
		};
		E3ACFCA325B01CF6000987BD /* Release */ = {
			isa = XCBuildConfiguration;
			buildSettings = {
				ALWAYS_SEARCH_USER_PATHS = NO;
				CLANG_ANALYZER_NONNULL = YES;
				CLANG_ANALYZER_NUMBER_OBJECT_CONVERSION = YES_AGGRESSIVE;
				CLANG_CXX_LANGUAGE_STANDARD = "gnu++14";
				CLANG_CXX_LIBRARY = "libc++";
				CLANG_ENABLE_MODULES = YES;
				CLANG_ENABLE_OBJC_ARC = YES;
				CLANG_ENABLE_OBJC_WEAK = YES;
				CLANG_WARN_BLOCK_CAPTURE_AUTORELEASING = YES;
				CLANG_WARN_BOOL_CONVERSION = YES;
				CLANG_WARN_COMMA = YES;
				CLANG_WARN_CONSTANT_CONVERSION = YES;
				CLANG_WARN_DEPRECATED_OBJC_IMPLEMENTATIONS = YES;
				CLANG_WARN_DIRECT_OBJC_ISA_USAGE = YES_ERROR;
				CLANG_WARN_DOCUMENTATION_COMMENTS = YES;
				CLANG_WARN_EMPTY_BODY = YES;
				CLANG_WARN_ENUM_CONVERSION = YES;
				CLANG_WARN_INFINITE_RECURSION = YES;
				CLANG_WARN_INT_CONVERSION = YES;
				CLANG_WARN_NON_LITERAL_NULL_CONVERSION = YES;
				CLANG_WARN_OBJC_IMPLICIT_RETAIN_SELF = YES;
				CLANG_WARN_OBJC_LITERAL_CONVERSION = YES;
				CLANG_WARN_OBJC_ROOT_CLASS = YES_ERROR;
				CLANG_WARN_QUOTED_INCLUDE_IN_FRAMEWORK_HEADER = YES;
				CLANG_WARN_RANGE_LOOP_ANALYSIS = YES;
				CLANG_WARN_STRICT_PROTOTYPES = YES;
				CLANG_WARN_SUSPICIOUS_MOVE = YES;
				CLANG_WARN_UNGUARDED_AVAILABILITY = YES_AGGRESSIVE;
				CLANG_WARN_UNREACHABLE_CODE = YES;
				CLANG_WARN__DUPLICATE_METHOD_MATCH = YES;
				COPY_PHASE_STRIP = NO;
				DEBUG_INFORMATION_FORMAT = "dwarf-with-dsym";
				ENABLE_NS_ASSERTIONS = NO;
				ENABLE_STRICT_OBJC_MSGSEND = YES;
				GCC_C_LANGUAGE_STANDARD = gnu11;
				GCC_NO_COMMON_BLOCKS = YES;
				GCC_WARN_64_TO_32_BIT_CONVERSION = YES;
				GCC_WARN_ABOUT_RETURN_TYPE = YES_ERROR;
				GCC_WARN_UNDECLARED_SELECTOR = YES;
				GCC_WARN_UNINITIALIZED_AUTOS = YES_AGGRESSIVE;
				GCC_WARN_UNUSED_FUNCTION = YES;
				GCC_WARN_UNUSED_VARIABLE = YES;
				IPHONEOS_DEPLOYMENT_TARGET = 14.2;
				MTL_ENABLE_DEBUG_INFO = NO;
				MTL_FAST_MATH = YES;
				SDKROOT = iphoneos;
				SWIFT_COMPILATION_MODE = wholemodule;
				SWIFT_OPTIMIZATION_LEVEL = "-O";
				VALIDATE_PRODUCT = YES;
			};
			name = Release;
		};
		E3ACFCA525B01CF6000987BD /* Debug */ = {
			isa = XCBuildConfiguration;
			baseConfigurationReference = D5C9F5C14BD04437595F91D6 /* Pods-ON AIR.debug.xcconfig */;
			buildSettings = {
				ASSETCATALOG_COMPILER_APPICON_NAME = AppIcon;
				ASSETCATALOG_COMPILER_GLOBAL_ACCENT_COLOR_NAME = AccentColor;
				CODE_SIGN_STYLE = Automatic;
				DEVELOPMENT_TEAM = G9D632BTGH;
				INFOPLIST_FILE = "ON AIR/Info.plist";
				IPHONEOS_DEPLOYMENT_TARGET = 13.0;
				LD_RUNPATH_SEARCH_PATHS = (
					"$(inherited)",
					"@executable_path/Frameworks",
				);
				PRODUCT_BUNDLE_IDENTIFIER = "com.ArtistSamyak.ON-AIR";
				PRODUCT_NAME = "$(TARGET_NAME)";
				SWIFT_VERSION = 5.0;
				TARGETED_DEVICE_FAMILY = "1,2";
			};
			name = Debug;
		};
		E3ACFCA625B01CF6000987BD /* Release */ = {
			isa = XCBuildConfiguration;
			baseConfigurationReference = 34AF2DA50EDC63EFCC1507A4 /* Pods-ON AIR.release.xcconfig */;
			buildSettings = {
				ASSETCATALOG_COMPILER_APPICON_NAME = AppIcon;
				ASSETCATALOG_COMPILER_GLOBAL_ACCENT_COLOR_NAME = AccentColor;
				CODE_SIGN_STYLE = Automatic;
				DEVELOPMENT_TEAM = G9D632BTGH;
				INFOPLIST_FILE = "ON AIR/Info.plist";
				IPHONEOS_DEPLOYMENT_TARGET = 13.0;
				LD_RUNPATH_SEARCH_PATHS = (
					"$(inherited)",
					"@executable_path/Frameworks",
				);
				PRODUCT_BUNDLE_IDENTIFIER = "com.ArtistSamyak.ON-AIR";
				PRODUCT_NAME = "$(TARGET_NAME)";
				SWIFT_VERSION = 5.0;
				TARGETED_DEVICE_FAMILY = "1,2";
			};
			name = Release;
		};
/* End XCBuildConfiguration section */

/* Begin XCConfigurationList section */
		E3ACFC8B25B01CF3000987BD /* Build configuration list for PBXProject "ON AIR" */ = {
			isa = XCConfigurationList;
			buildConfigurations = (
				E3ACFCA225B01CF6000987BD /* Debug */,
				E3ACFCA325B01CF6000987BD /* Release */,
			);
			defaultConfigurationIsVisible = 0;
			defaultConfigurationName = Release;
		};
		E3ACFCA425B01CF6000987BD /* Build configuration list for PBXNativeTarget "ON AIR" */ = {
			isa = XCConfigurationList;
			buildConfigurations = (
				E3ACFCA525B01CF6000987BD /* Debug */,
				E3ACFCA625B01CF6000987BD /* Release */,
			);
			defaultConfigurationIsVisible = 0;
			defaultConfigurationName = Release;
		};
/* End XCConfigurationList section */
	};
	rootObject = E3ACFC8825B01CF3000987BD /* Project object */;
}
